// !$*UTF8*$!
{
	archiveVersion = 1;
	classes = {
	};
	objectVersion = 77;
	objects = {

/* Begin PBXBuildFile section */
		2F027C8629D6C2AD00234098 /* AccountTestsView.swift in Sources */ = {isa = PBXBuildFile; fileRef = 2F027C7B29D6C29B00234098 /* AccountTestsView.swift */; };
		2F027C8929D6C2AD00234098 /* AccountDetails+Default.swift in Sources */ = {isa = PBXBuildFile; fileRef = 2F027C7F29D6C29B00234098 /* AccountDetails+Default.swift */; };
		2F027C9529D6C63100234098 /* TestAppDelegate.swift in Sources */ = {isa = PBXBuildFile; fileRef = 2F027C9429D6C63100234098 /* TestAppDelegate.swift */; };
		2F027C9B29D6C91E00234098 /* XCTestExtensions in Frameworks */ = {isa = PBXBuildFile; productRef = 2F027C9A29D6C91E00234098 /* XCTestExtensions */; };
		2F027C9D29D6CA1100234098 /* XCUIApplication+TestPrimaryButton.swift in Sources */ = {isa = PBXBuildFile; fileRef = 2F027C9C29D6CA1100234098 /* XCUIApplication+TestPrimaryButton.swift */; };
		2F6D139A28F5F386007C25D6 /* Assets.xcassets in Resources */ = {isa = PBXBuildFile; fileRef = 2F6D139928F5F386007C25D6 /* Assets.xcassets */; };
		2FA7382C290ADFAA007ACEB9 /* TestApp.swift in Sources */ = {isa = PBXBuildFile; fileRef = 2FA7382B290ADFAA007ACEB9 /* TestApp.swift */; };
		2FAD38C02A455FC200E79ED1 /* SpeziAccount in Frameworks */ = {isa = PBXBuildFile; productRef = 2FAD38BF2A455FC200E79ED1 /* SpeziAccount */; };
		9B345FB82C94BF470067C977 /* InvitationCodeKey.swift in Sources */ = {isa = PBXBuildFile; fileRef = 9B345FB72C94BF470067C977 /* InvitationCodeKey.swift */; };
		A9684D6C2DE1DBDF00432CD3 /* OptionsKey.swift in Sources */ = {isa = PBXBuildFile; fileRef = A9684D6B2DE1DBDC00432CD3 /* OptionsKey.swift */; };
		A969240F2A9A198800E2128B /* ArgumentParser in Frameworks */ = {isa = PBXBuildFile; productRef = A969240E2A9A198800E2128B /* ArgumentParser */; };
		A98739032C64EE6000E17A42 /* EntryViewTests.swift in Sources */ = {isa = PBXBuildFile; fileRef = A98739022C64EE5F00E17A42 /* EntryViewTests.swift */; };
		A98739052C64F1BB00E17A42 /* EntryViewsTests.swift in Sources */ = {isa = PBXBuildFile; fileRef = A98739042C64F1B300E17A42 /* EntryViewsTests.swift */; };
		A994264B2CD25C50002F8BD5 /* XCTSpeziAccount in Frameworks */ = {isa = PBXBuildFile; productRef = A994264A2CD25C50002F8BD5 /* XCTSpeziAccount */; };
		A9B6E3F72A9B6F5B0008B232 /* AccountSetupTests.swift in Sources */ = {isa = PBXBuildFile; fileRef = A9B6E3F62A9B6F5B0008B232 /* AccountSetupTests.swift */; };
		A9B6E3F92A9B6F660008B232 /* AccountOverviewTests.swift in Sources */ = {isa = PBXBuildFile; fileRef = A9B6E3F82A9B6F660008B232 /* AccountOverviewTests.swift */; };
		A9B6E3FB2A9B70360008B232 /* Defaults.swift in Sources */ = {isa = PBXBuildFile; fileRef = A9B6E3FA2A9B70360008B232 /* Defaults.swift */; };
		A9B6E3FD2A9B74830008B232 /* BiographyKey.swift in Sources */ = {isa = PBXBuildFile; fileRef = A9B6E3FC2A9B74830008B232 /* BiographyKey.swift */; };
		A9B6E3FF2A9B795C0008B232 /* TestStandard.swift in Sources */ = {isa = PBXBuildFile; fileRef = A9B6E3FE2A9B795C0008B232 /* TestStandard.swift */; };
		A9B6E4052A9BB27A0008B232 /* XCUIApplication+AccountSetup.swift in Sources */ = {isa = PBXBuildFile; fileRef = A9B6E4042A9BB27A0008B232 /* XCUIApplication+AccountSetup.swift */; };
		A9B6E40B2A9BB2980008B232 /* XCUIApplication+TestApp.swift in Sources */ = {isa = PBXBuildFile; fileRef = A9B6E40A2A9BB2980008B232 /* XCUIApplication+TestApp.swift */; };
		A9EE7D282A3357D900C2B9A9 /* DocumentationHintsTests.swift in Sources */ = {isa = PBXBuildFile; fileRef = A9EE7D272A3357D900C2B9A9 /* DocumentationHintsTests.swift */; };
		A9EE7D2A2A3359E800C2B9A9 /* Features.swift in Sources */ = {isa = PBXBuildFile; fileRef = A9EE7D292A3359E800C2B9A9 /* Features.swift */; };
/* End PBXBuildFile section */

/* Begin PBXContainerItemProxy section */
		2F6D13AD28F5F386007C25D6 /* PBXContainerItemProxy */ = {
			isa = PBXContainerItemProxy;
			containerPortal = 2F6D138A28F5F384007C25D6 /* Project object */;
			proxyType = 1;
			remoteGlobalIDString = 2F6D139128F5F384007C25D6;
			remoteInfo = Example;
		};
/* End PBXContainerItemProxy section */

/* Begin PBXFileReference section */
		2F027C7B29D6C29B00234098 /* AccountTestsView.swift */ = {isa = PBXFileReference; fileEncoding = 4; lastKnownFileType = sourcecode.swift; path = AccountTestsView.swift; sourceTree = "<group>"; };
		2F027C7F29D6C29B00234098 /* AccountDetails+Default.swift */ = {isa = PBXFileReference; fileEncoding = 4; lastKnownFileType = sourcecode.swift; path = "AccountDetails+Default.swift"; sourceTree = "<group>"; };
		2F027C9429D6C63100234098 /* TestAppDelegate.swift */ = {isa = PBXFileReference; lastKnownFileType = sourcecode.swift; path = TestAppDelegate.swift; sourceTree = "<group>"; };
		2F027C9C29D6CA1100234098 /* XCUIApplication+TestPrimaryButton.swift */ = {isa = PBXFileReference; fileEncoding = 4; lastKnownFileType = sourcecode.swift; path = "XCUIApplication+TestPrimaryButton.swift"; sourceTree = "<group>"; };
		2F6D139228F5F384007C25D6 /* TestApp.app */ = {isa = PBXFileReference; explicitFileType = wrapper.application; includeInIndex = 0; path = TestApp.app; sourceTree = BUILT_PRODUCTS_DIR; };
		2F6D139928F5F386007C25D6 /* Assets.xcassets */ = {isa = PBXFileReference; lastKnownFileType = folder.assetcatalog; path = Assets.xcassets; sourceTree = "<group>"; };
		2F6D13AC28F5F386007C25D6 /* TestAppUITests.xctest */ = {isa = PBXFileReference; explicitFileType = wrapper.cfbundle; includeInIndex = 0; path = TestAppUITests.xctest; sourceTree = BUILT_PRODUCTS_DIR; };
		2FA43E8F2AE022F1009B1B2C /* TestApp.entitlements */ = {isa = PBXFileReference; lastKnownFileType = text.plist.entitlements; path = TestApp.entitlements; sourceTree = "<group>"; };
		2FA7382B290ADFAA007ACEB9 /* TestApp.swift */ = {isa = PBXFileReference; fileEncoding = 4; lastKnownFileType = sourcecode.swift; path = TestApp.swift; sourceTree = "<group>"; };
		2FAD38BE2A455F7D00E79ED1 /* SpeziAccount */ = {isa = PBXFileReference; lastKnownFileType = wrapper; name = SpeziAccount; path = ../..; sourceTree = "<group>"; };
		2FE750C92A8720CE00723EAE /* TestApp.xctestplan */ = {isa = PBXFileReference; lastKnownFileType = text; path = TestApp.xctestplan; sourceTree = "<group>"; };
		636D985F2AF188E00020B8BC /* Info.plist */ = {isa = PBXFileReference; lastKnownFileType = text.plist; path = Info.plist; sourceTree = "<group>"; };
		9B345FB72C94BF470067C977 /* InvitationCodeKey.swift */ = {isa = PBXFileReference; fileEncoding = 4; lastKnownFileType = sourcecode.swift; path = InvitationCodeKey.swift; sourceTree = "<group>"; };
		A9684D6B2DE1DBDC00432CD3 /* OptionsKey.swift */ = {isa = PBXFileReference; lastKnownFileType = sourcecode.swift; path = OptionsKey.swift; sourceTree = "<group>"; };
		A98739022C64EE5F00E17A42 /* EntryViewTests.swift */ = {isa = PBXFileReference; lastKnownFileType = sourcecode.swift; path = EntryViewTests.swift; sourceTree = "<group>"; };
		A98739042C64F1B300E17A42 /* EntryViewsTests.swift */ = {isa = PBXFileReference; lastKnownFileType = sourcecode.swift; path = EntryViewsTests.swift; sourceTree = "<group>"; };
		A9B6E3F62A9B6F5B0008B232 /* AccountSetupTests.swift */ = {isa = PBXFileReference; lastKnownFileType = sourcecode.swift; path = AccountSetupTests.swift; sourceTree = "<group>"; };
		A9B6E3F82A9B6F660008B232 /* AccountOverviewTests.swift */ = {isa = PBXFileReference; lastKnownFileType = sourcecode.swift; path = AccountOverviewTests.swift; sourceTree = "<group>"; };
		A9B6E3FA2A9B70360008B232 /* Defaults.swift */ = {isa = PBXFileReference; lastKnownFileType = sourcecode.swift; path = Defaults.swift; sourceTree = "<group>"; };
		A9B6E3FC2A9B74830008B232 /* BiographyKey.swift */ = {isa = PBXFileReference; lastKnownFileType = sourcecode.swift; path = BiographyKey.swift; sourceTree = "<group>"; };
		A9B6E3FE2A9B795C0008B232 /* TestStandard.swift */ = {isa = PBXFileReference; lastKnownFileType = sourcecode.swift; path = TestStandard.swift; sourceTree = "<group>"; };
		A9B6E4042A9BB27A0008B232 /* XCUIApplication+AccountSetup.swift */ = {isa = PBXFileReference; lastKnownFileType = sourcecode.swift; path = "XCUIApplication+AccountSetup.swift"; sourceTree = "<group>"; };
		A9B6E40A2A9BB2980008B232 /* XCUIApplication+TestApp.swift */ = {isa = PBXFileReference; lastKnownFileType = sourcecode.swift; path = "XCUIApplication+TestApp.swift"; sourceTree = "<group>"; };
		A9EE7D272A3357D900C2B9A9 /* DocumentationHintsTests.swift */ = {isa = PBXFileReference; fileEncoding = 4; lastKnownFileType = sourcecode.swift; path = DocumentationHintsTests.swift; sourceTree = "<group>"; };
		A9EE7D292A3359E800C2B9A9 /* Features.swift */ = {isa = PBXFileReference; lastKnownFileType = sourcecode.swift; path = Features.swift; sourceTree = "<group>"; };
/* End PBXFileReference section */

/* Begin PBXFrameworksBuildPhase section */
		2F6D138F28F5F384007C25D6 /* Frameworks */ = {
			isa = PBXFrameworksBuildPhase;
			buildActionMask = 2147483647;
			files = (
				A969240F2A9A198800E2128B /* ArgumentParser in Frameworks */,
				2FAD38C02A455FC200E79ED1 /* SpeziAccount in Frameworks */,
			);
			runOnlyForDeploymentPostprocessing = 0;
		};
		2F6D13A928F5F386007C25D6 /* Frameworks */ = {
			isa = PBXFrameworksBuildPhase;
			buildActionMask = 2147483647;
			files = (
				A994264B2CD25C50002F8BD5 /* XCTSpeziAccount in Frameworks */,
				2F027C9B29D6C91E00234098 /* XCTestExtensions in Frameworks */,
			);
			runOnlyForDeploymentPostprocessing = 0;
		};
/* End PBXFrameworksBuildPhase section */

/* Begin PBXGroup section */
		2F027C9629D6C63300234098 /* Utils */ = {
			isa = PBXGroup;
			children = (
				A9684D6B2DE1DBDC00432CD3 /* OptionsKey.swift */,
				A9B6E3FC2A9B74830008B232 /* BiographyKey.swift */,
				9B345FB72C94BF470067C977 /* InvitationCodeKey.swift */,
				A9B6E3FE2A9B795C0008B232 /* TestStandard.swift */,
				2F027C7F29D6C29B00234098 /* AccountDetails+Default.swift */,
			);
			path = Utils;
			sourceTree = "<group>";
		};
		2F6D138928F5F384007C25D6 = {
			isa = PBXGroup;
			children = (
				2FE750C92A8720CE00723EAE /* TestApp.xctestplan */,
				2FAD38BE2A455F7D00E79ED1 /* SpeziAccount */,
				2F6D139428F5F384007C25D6 /* TestApp */,
				2F6D13AF28F5F386007C25D6 /* TestAppUITests */,
				2F6D139328F5F384007C25D6 /* Products */,
				2F6D13C228F5F3BE007C25D6 /* Frameworks */,
			);
			sourceTree = "<group>";
		};
		2F6D139328F5F384007C25D6 /* Products */ = {
			isa = PBXGroup;
			children = (
				2F6D139228F5F384007C25D6 /* TestApp.app */,
				2F6D13AC28F5F386007C25D6 /* TestAppUITests.xctest */,
			);
			name = Products;
			sourceTree = "<group>";
		};
		2F6D139428F5F384007C25D6 /* TestApp */ = {
			isa = PBXGroup;
			children = (
				2FA43E8F2AE022F1009B1B2C /* TestApp.entitlements */,
				636D985F2AF188E00020B8BC /* Info.plist */,
				2F027C7B29D6C29B00234098 /* AccountTestsView.swift */,
				A98739022C64EE5F00E17A42 /* EntryViewTests.swift */,
				A9EE7D292A3359E800C2B9A9 /* Features.swift */,
				2FA7382B290ADFAA007ACEB9 /* TestApp.swift */,
				2F027C9429D6C63100234098 /* TestAppDelegate.swift */,
				2F6D139928F5F386007C25D6 /* Assets.xcassets */,
				2F027C9629D6C63300234098 /* Utils */,
			);
			path = TestApp;
			sourceTree = "<group>";
		};
		2F6D13AF28F5F386007C25D6 /* TestAppUITests */ = {
			isa = PBXGroup;
			children = (
				A9B6E3F82A9B6F660008B232 /* AccountOverviewTests.swift */,
				A9B6E3F62A9B6F5B0008B232 /* AccountSetupTests.swift */,
				A9EE7D272A3357D900C2B9A9 /* DocumentationHintsTests.swift */,
				A98739042C64F1B300E17A42 /* EntryViewsTests.swift */,
				2F027C9C29D6CA1100234098 /* XCUIApplication+TestPrimaryButton.swift */,
				A96924122A9A6BA400E2128B /* Utils */,
			);
			path = TestAppUITests;
			sourceTree = "<group>";
		};
		2F6D13C228F5F3BE007C25D6 /* Frameworks */ = {
			isa = PBXGroup;
			children = (
			);
			name = Frameworks;
			sourceTree = "<group>";
		};
		A96924122A9A6BA400E2128B /* Utils */ = {
			isa = PBXGroup;
			children = (
				A9B6E3FA2A9B70360008B232 /* Defaults.swift */,
				A9B6E4042A9BB27A0008B232 /* XCUIApplication+AccountSetup.swift */,
				A9B6E40A2A9BB2980008B232 /* XCUIApplication+TestApp.swift */,
			);
			path = Utils;
			sourceTree = "<group>";
		};
/* End PBXGroup section */

/* Begin PBXNativeTarget section */
		2F6D139128F5F384007C25D6 /* TestApp */ = {
			isa = PBXNativeTarget;
			buildConfigurationList = 2F6D13B628F5F386007C25D6 /* Build configuration list for PBXNativeTarget "TestApp" */;
			buildPhases = (
				2F6D138E28F5F384007C25D6 /* Sources */,
				2F6D138F28F5F384007C25D6 /* Frameworks */,
				2F6D139028F5F384007C25D6 /* Resources */,
			);
			buildRules = (
			);
			dependencies = (
			);
			name = TestApp;
			packageProductDependencies = (
				2FAD38BF2A455FC200E79ED1 /* SpeziAccount */,
				A969240E2A9A198800E2128B /* ArgumentParser */,
			);
			productName = Example;
			productReference = 2F6D139228F5F384007C25D6 /* TestApp.app */;
			productType = "com.apple.product-type.application";
		};
		2F6D13AB28F5F386007C25D6 /* TestAppUITests */ = {
			isa = PBXNativeTarget;
			buildConfigurationList = 2F6D13BC28F5F386007C25D6 /* Build configuration list for PBXNativeTarget "TestAppUITests" */;
			buildPhases = (
				2F6D13A828F5F386007C25D6 /* Sources */,
				2F6D13A928F5F386007C25D6 /* Frameworks */,
				2F6D13AA28F5F386007C25D6 /* Resources */,
			);
			buildRules = (
			);
			dependencies = (
				2F6D13AE28F5F386007C25D6 /* PBXTargetDependency */,
			);
			name = TestAppUITests;
			packageProductDependencies = (
				2F027C9A29D6C91E00234098 /* XCTestExtensions */,
				A994264A2CD25C50002F8BD5 /* XCTSpeziAccount */,
			);
			productName = ExampleUITests;
			productReference = 2F6D13AC28F5F386007C25D6 /* TestAppUITests.xctest */;
			productType = "com.apple.product-type.bundle.ui-testing";
		};
/* End PBXNativeTarget section */

/* Begin PBXProject section */
		2F6D138A28F5F384007C25D6 /* Project object */ = {
			isa = PBXProject;
			attributes = {
				BuildIndependentTargetsInParallel = 1;
				LastSwiftUpdateCheck = 1410;
				LastUpgradeCheck = 1610;
				TargetAttributes = {
					2F6D139128F5F384007C25D6 = {
						CreatedOnToolsVersion = 14.1;
					};
					2F6D13AB28F5F386007C25D6 = {
						CreatedOnToolsVersion = 14.1;
						LastSwiftMigration = 1430;
						TestTargetID = 2F6D139128F5F384007C25D6;
					};
				};
			};
			buildConfigurationList = 2F6D138D28F5F384007C25D6 /* Build configuration list for PBXProject "UITests" */;
			developmentRegion = en;
			hasScannedForEncodings = 0;
			knownRegions = (
				en,
				Base,
			);
			mainGroup = 2F6D138928F5F384007C25D6;
			packageReferences = (
				2F027C9929D6C91D00234098 /* XCRemoteSwiftPackageReference "XCTestExtensions" */,
				A969240D2A9A198800E2128B /* XCRemoteSwiftPackageReference "swift-argument-parser" */,
			);
			preferredProjectObjectVersion = 77;
			productRefGroup = 2F6D139328F5F384007C25D6 /* Products */;
			projectDirPath = "";
			projectRoot = "";
			targets = (
				2F6D139128F5F384007C25D6 /* TestApp */,
				2F6D13AB28F5F386007C25D6 /* TestAppUITests */,
			);
		};
/* End PBXProject section */

/* Begin PBXResourcesBuildPhase section */
		2F6D139028F5F384007C25D6 /* Resources */ = {
			isa = PBXResourcesBuildPhase;
			buildActionMask = 2147483647;
			files = (
				2F6D139A28F5F386007C25D6 /* Assets.xcassets in Resources */,
			);
			runOnlyForDeploymentPostprocessing = 0;
		};
		2F6D13AA28F5F386007C25D6 /* Resources */ = {
			isa = PBXResourcesBuildPhase;
			buildActionMask = 2147483647;
			files = (
			);
			runOnlyForDeploymentPostprocessing = 0;
		};
/* End PBXResourcesBuildPhase section */

/* Begin PBXSourcesBuildPhase section */
		2F6D138E28F5F384007C25D6 /* Sources */ = {
			isa = PBXSourcesBuildPhase;
			buildActionMask = 2147483647;
			files = (
				2F027C8629D6C2AD00234098 /* AccountTestsView.swift in Sources */,
				2FA7382C290ADFAA007ACEB9 /* TestApp.swift in Sources */,
				A98739032C64EE6000E17A42 /* EntryViewTests.swift in Sources */,
				A9EE7D2A2A3359E800C2B9A9 /* Features.swift in Sources */,
				A9684D6C2DE1DBDF00432CD3 /* OptionsKey.swift in Sources */,
				9B345FB82C94BF470067C977 /* InvitationCodeKey.swift in Sources */,
				2F027C9529D6C63100234098 /* TestAppDelegate.swift in Sources */,
				2F027C8929D6C2AD00234098 /* AccountDetails+Default.swift in Sources */,
				A9B6E3FF2A9B795C0008B232 /* TestStandard.swift in Sources */,
				A9B6E3FD2A9B74830008B232 /* BiographyKey.swift in Sources */,
			);
			runOnlyForDeploymentPostprocessing = 0;
		};
		2F6D13A828F5F386007C25D6 /* Sources */ = {
			isa = PBXSourcesBuildPhase;
			buildActionMask = 2147483647;
			files = (
				A9B6E3F72A9B6F5B0008B232 /* AccountSetupTests.swift in Sources */,
				A98739052C64F1BB00E17A42 /* EntryViewsTests.swift in Sources */,
				A9B6E3FB2A9B70360008B232 /* Defaults.swift in Sources */,
				A9EE7D282A3357D900C2B9A9 /* DocumentationHintsTests.swift in Sources */,
				2F027C9D29D6CA1100234098 /* XCUIApplication+TestPrimaryButton.swift in Sources */,
				A9B6E40B2A9BB2980008B232 /* XCUIApplication+TestApp.swift in Sources */,
				A9B6E4052A9BB27A0008B232 /* XCUIApplication+AccountSetup.swift in Sources */,
				A9B6E3F92A9B6F660008B232 /* AccountOverviewTests.swift in Sources */,
			);
			runOnlyForDeploymentPostprocessing = 0;
		};
/* End PBXSourcesBuildPhase section */

/* Begin PBXTargetDependency section */
		2F6D13AE28F5F386007C25D6 /* PBXTargetDependency */ = {
			isa = PBXTargetDependency;
			target = 2F6D139128F5F384007C25D6 /* TestApp */;
			targetProxy = 2F6D13AD28F5F386007C25D6 /* PBXContainerItemProxy */;
		};
/* End PBXTargetDependency section */

/* Begin XCBuildConfiguration section */
		2F6D13B428F5F386007C25D6 /* Debug */ = {
			isa = XCBuildConfiguration;
			buildSettings = {
				ALWAYS_SEARCH_USER_PATHS = NO;
				ASSETCATALOG_COMPILER_GENERATE_SWIFT_ASSET_SYMBOL_EXTENSIONS = YES;
				CLANG_ANALYZER_NONNULL = YES;
				CLANG_ANALYZER_NUMBER_OBJECT_CONVERSION = YES_AGGRESSIVE;
				CLANG_CXX_LANGUAGE_STANDARD = "gnu++20";
				CLANG_ENABLE_MODULES = YES;
				CLANG_ENABLE_OBJC_ARC = YES;
				CLANG_ENABLE_OBJC_WEAK = YES;
				CLANG_WARN_BLOCK_CAPTURE_AUTORELEASING = YES;
				CLANG_WARN_BOOL_CONVERSION = YES;
				CLANG_WARN_COMMA = YES;
				CLANG_WARN_CONSTANT_CONVERSION = YES;
				CLANG_WARN_DEPRECATED_OBJC_IMPLEMENTATIONS = YES;
				CLANG_WARN_DIRECT_OBJC_ISA_USAGE = YES_ERROR;
				CLANG_WARN_DOCUMENTATION_COMMENTS = YES;
				CLANG_WARN_EMPTY_BODY = YES;
				CLANG_WARN_ENUM_CONVERSION = YES;
				CLANG_WARN_INFINITE_RECURSION = YES;
				CLANG_WARN_INT_CONVERSION = YES;
				CLANG_WARN_NON_LITERAL_NULL_CONVERSION = YES;
				CLANG_WARN_OBJC_IMPLICIT_RETAIN_SELF = YES;
				CLANG_WARN_OBJC_LITERAL_CONVERSION = YES;
				CLANG_WARN_OBJC_ROOT_CLASS = YES_ERROR;
				CLANG_WARN_QUOTED_INCLUDE_IN_FRAMEWORK_HEADER = YES;
				CLANG_WARN_RANGE_LOOP_ANALYSIS = YES;
				CLANG_WARN_STRICT_PROTOTYPES = YES;
				CLANG_WARN_SUSPICIOUS_MOVE = YES;
				CLANG_WARN_UNGUARDED_AVAILABILITY = YES_AGGRESSIVE;
				CLANG_WARN_UNREACHABLE_CODE = YES;
				CLANG_WARN__DUPLICATE_METHOD_MATCH = YES;
				COPY_PHASE_STRIP = NO;
				DEBUG_INFORMATION_FORMAT = dwarf;
				ENABLE_STRICT_OBJC_MSGSEND = YES;
				ENABLE_TESTABILITY = YES;
				ENABLE_USER_SCRIPT_SANDBOXING = YES;
				GCC_C_LANGUAGE_STANDARD = gnu11;
				GCC_DYNAMIC_NO_PIC = NO;
				GCC_NO_COMMON_BLOCKS = YES;
				GCC_OPTIMIZATION_LEVEL = 0;
				GCC_PREPROCESSOR_DEFINITIONS = (
					"DEBUG=1",
					"$(inherited)",
				);
				GCC_WARN_64_TO_32_BIT_CONVERSION = YES;
				GCC_WARN_ABOUT_RETURN_TYPE = YES_ERROR;
				GCC_WARN_UNDECLARED_SELECTOR = YES;
				GCC_WARN_UNINITIALIZED_AUTOS = YES_AGGRESSIVE;
				GCC_WARN_UNUSED_FUNCTION = YES;
				GCC_WARN_UNUSED_VARIABLE = YES;
				IPHONEOS_DEPLOYMENT_TARGET = 17.0;
				MTL_ENABLE_DEBUG_INFO = INCLUDE_SOURCE;
				MTL_FAST_MATH = YES;
				ONLY_ACTIVE_ARCH = YES;
				SDKROOT = iphoneos;
				SWIFT_ACTIVE_COMPILATION_CONDITIONS = DEBUG;
				SWIFT_OPTIMIZATION_LEVEL = "-Onone";
				SWIFT_STRICT_CONCURRENCY = complete;
				SWIFT_VERSION = 6.0;
			};
			name = Debug;
		};
		2F6D13B528F5F386007C25D6 /* Release */ = {
			isa = XCBuildConfiguration;
			buildSettings = {
				ALWAYS_SEARCH_USER_PATHS = NO;
				ASSETCATALOG_COMPILER_GENERATE_SWIFT_ASSET_SYMBOL_EXTENSIONS = YES;
				CLANG_ANALYZER_NONNULL = YES;
				CLANG_ANALYZER_NUMBER_OBJECT_CONVERSION = YES_AGGRESSIVE;
				CLANG_CXX_LANGUAGE_STANDARD = "gnu++20";
				CLANG_ENABLE_MODULES = YES;
				CLANG_ENABLE_OBJC_ARC = YES;
				CLANG_ENABLE_OBJC_WEAK = YES;
				CLANG_WARN_BLOCK_CAPTURE_AUTORELEASING = YES;
				CLANG_WARN_BOOL_CONVERSION = YES;
				CLANG_WARN_COMMA = YES;
				CLANG_WARN_CONSTANT_CONVERSION = YES;
				CLANG_WARN_DEPRECATED_OBJC_IMPLEMENTATIONS = YES;
				CLANG_WARN_DIRECT_OBJC_ISA_USAGE = YES_ERROR;
				CLANG_WARN_DOCUMENTATION_COMMENTS = YES;
				CLANG_WARN_EMPTY_BODY = YES;
				CLANG_WARN_ENUM_CONVERSION = YES;
				CLANG_WARN_INFINITE_RECURSION = YES;
				CLANG_WARN_INT_CONVERSION = YES;
				CLANG_WARN_NON_LITERAL_NULL_CONVERSION = YES;
				CLANG_WARN_OBJC_IMPLICIT_RETAIN_SELF = YES;
				CLANG_WARN_OBJC_LITERAL_CONVERSION = YES;
				CLANG_WARN_OBJC_ROOT_CLASS = YES_ERROR;
				CLANG_WARN_QUOTED_INCLUDE_IN_FRAMEWORK_HEADER = YES;
				CLANG_WARN_RANGE_LOOP_ANALYSIS = YES;
				CLANG_WARN_STRICT_PROTOTYPES = YES;
				CLANG_WARN_SUSPICIOUS_MOVE = YES;
				CLANG_WARN_UNGUARDED_AVAILABILITY = YES_AGGRESSIVE;
				CLANG_WARN_UNREACHABLE_CODE = YES;
				CLANG_WARN__DUPLICATE_METHOD_MATCH = YES;
				COPY_PHASE_STRIP = NO;
				DEBUG_INFORMATION_FORMAT = "dwarf-with-dsym";
				ENABLE_NS_ASSERTIONS = NO;
				ENABLE_STRICT_OBJC_MSGSEND = YES;
				ENABLE_USER_SCRIPT_SANDBOXING = YES;
				GCC_C_LANGUAGE_STANDARD = gnu11;
				GCC_NO_COMMON_BLOCKS = YES;
				GCC_WARN_64_TO_32_BIT_CONVERSION = YES;
				GCC_WARN_ABOUT_RETURN_TYPE = YES_ERROR;
				GCC_WARN_UNDECLARED_SELECTOR = YES;
				GCC_WARN_UNINITIALIZED_AUTOS = YES_AGGRESSIVE;
				GCC_WARN_UNUSED_FUNCTION = YES;
				GCC_WARN_UNUSED_VARIABLE = YES;
				IPHONEOS_DEPLOYMENT_TARGET = 17.0;
				MTL_ENABLE_DEBUG_INFO = NO;
				MTL_FAST_MATH = YES;
				SDKROOT = iphoneos;
				SWIFT_COMPILATION_MODE = wholemodule;
				SWIFT_OPTIMIZATION_LEVEL = "-O";
				SWIFT_STRICT_CONCURRENCY = complete;
				SWIFT_VERSION = 6.0;
				VALIDATE_PRODUCT = YES;
			};
			name = Release;
		};
		2F6D13B728F5F386007C25D6 /* Debug */ = {
			isa = XCBuildConfiguration;
			buildSettings = {
				ASSETCATALOG_COMPILER_APPICON_NAME = AppIcon;
				ASSETCATALOG_COMPILER_GLOBAL_ACCENT_COLOR_NAME = AccentColor;
				CODE_SIGN_ENTITLEMENTS = TestApp/TestApp.entitlements;
				CODE_SIGN_STYLE = Automatic;
				CURRENT_PROJECT_VERSION = 1;
				DEVELOPMENT_ASSET_PATHS = "";
				DEVELOPMENT_TEAM = 637867499T;
				ENABLE_PREVIEWS = YES;
				ENABLE_TESTING_SEARCH_PATHS = YES;
				GENERATE_INFOPLIST_FILE = YES;
				INFOPLIST_FILE = TestApp/Info.plist;
				INFOPLIST_KEY_UIApplicationSceneManifest_Generation = YES;
				INFOPLIST_KEY_UIApplicationSupportsIndirectInputEvents = YES;
				INFOPLIST_KEY_UILaunchScreen_Generation = YES;
				INFOPLIST_KEY_UISupportedInterfaceOrientations_iPad = "UIInterfaceOrientationPortrait UIInterfaceOrientationPortraitUpsideDown UIInterfaceOrientationLandscapeLeft UIInterfaceOrientationLandscapeRight";
				INFOPLIST_KEY_UISupportedInterfaceOrientations_iPhone = "UIInterfaceOrientationPortrait UIInterfaceOrientationLandscapeLeft UIInterfaceOrientationLandscapeRight";
				LD_RUNPATH_SEARCH_PATHS = (
					"$(inherited)",
					"@executable_path/Frameworks",
				);
				MARKETING_VERSION = 1.0;
				PRODUCT_BUNDLE_IDENTIFIER = edu.stanford.spezi.account.testapp;
				PRODUCT_NAME = "$(TARGET_NAME)";
				SUPPORTED_PLATFORMS = "iphoneos iphonesimulator xros xrsimulator";
				SUPPORTS_MACCATALYST = NO;
				SUPPORTS_XR_DESIGNED_FOR_IPHONE_IPAD = NO;
				SWIFT_EMIT_LOC_STRINGS = YES;
				SWIFT_STRICT_CONCURRENCY = complete;
				TARGETED_DEVICE_FAMILY = "1,2,7";
				XROS_DEPLOYMENT_TARGET = 1.0;
			};
			name = Debug;
		};
		2F6D13B828F5F386007C25D6 /* Release */ = {
			isa = XCBuildConfiguration;
			buildSettings = {
				ASSETCATALOG_COMPILER_APPICON_NAME = AppIcon;
				ASSETCATALOG_COMPILER_GLOBAL_ACCENT_COLOR_NAME = AccentColor;
				CODE_SIGN_ENTITLEMENTS = TestApp/TestApp.entitlements;
				CODE_SIGN_STYLE = Automatic;
				CURRENT_PROJECT_VERSION = 1;
				DEVELOPMENT_ASSET_PATHS = "";
				DEVELOPMENT_TEAM = 637867499T;
				ENABLE_PREVIEWS = YES;
				ENABLE_TESTING_SEARCH_PATHS = YES;
				GENERATE_INFOPLIST_FILE = YES;
				INFOPLIST_FILE = TestApp/Info.plist;
				INFOPLIST_KEY_UIApplicationSceneManifest_Generation = YES;
				INFOPLIST_KEY_UIApplicationSupportsIndirectInputEvents = YES;
				INFOPLIST_KEY_UILaunchScreen_Generation = YES;
				INFOPLIST_KEY_UISupportedInterfaceOrientations_iPad = "UIInterfaceOrientationPortrait UIInterfaceOrientationPortraitUpsideDown UIInterfaceOrientationLandscapeLeft UIInterfaceOrientationLandscapeRight";
				INFOPLIST_KEY_UISupportedInterfaceOrientations_iPhone = "UIInterfaceOrientationPortrait UIInterfaceOrientationLandscapeLeft UIInterfaceOrientationLandscapeRight";
				LD_RUNPATH_SEARCH_PATHS = (
					"$(inherited)",
					"@executable_path/Frameworks",
				);
				MARKETING_VERSION = 1.0;
				PRODUCT_BUNDLE_IDENTIFIER = edu.stanford.spezi.account.testapp;
				PRODUCT_NAME = "$(TARGET_NAME)";
				SUPPORTED_PLATFORMS = "iphoneos iphonesimulator xros xrsimulator";
				SUPPORTS_MACCATALYST = NO;
				SUPPORTS_XR_DESIGNED_FOR_IPHONE_IPAD = NO;
				SWIFT_EMIT_LOC_STRINGS = YES;
				SWIFT_STRICT_CONCURRENCY = complete;
				TARGETED_DEVICE_FAMILY = "1,2,7";
				XROS_DEPLOYMENT_TARGET = 1.0;
			};
			name = Release;
		};
		2F6D13BD28F5F386007C25D6 /* Debug */ = {
			isa = XCBuildConfiguration;
			buildSettings = {
				CLANG_ENABLE_MODULES = YES;
				CODE_SIGN_STYLE = Automatic;
				CURRENT_PROJECT_VERSION = 1;
				DEVELOPMENT_TEAM = 637867499T;
				GENERATE_INFOPLIST_FILE = YES;
				MARKETING_VERSION = 1.0;
				PRODUCT_BUNDLE_IDENTIFIER = edu.stanford.spezi.account.testappuitests;
				PRODUCT_NAME = "$(TARGET_NAME)";
				PROVISIONING_PROFILE = "";
				SUPPORTED_PLATFORMS = "iphoneos iphonesimulator xros xrsimulator";
				SUPPORTS_MACCATALYST = YES;
				SUPPORTS_XR_DESIGNED_FOR_IPHONE_IPAD = NO;
				SWIFT_EMIT_LOC_STRINGS = NO;
				SWIFT_OPTIMIZATION_LEVEL = "-Onone";
				TARGETED_DEVICE_FAMILY = "1,2,7";
				TEST_TARGET_NAME = TestApp;
				XROS_DEPLOYMENT_TARGET = 1.0;
			};
			name = Debug;
		};
		2F6D13BE28F5F386007C25D6 /* Release */ = {
			isa = XCBuildConfiguration;
			buildSettings = {
				CLANG_ENABLE_MODULES = YES;
				CODE_SIGN_STYLE = Automatic;
				CURRENT_PROJECT_VERSION = 1;
				DEVELOPMENT_TEAM = 637867499T;
				GENERATE_INFOPLIST_FILE = YES;
				MARKETING_VERSION = 1.0;
				PRODUCT_BUNDLE_IDENTIFIER = edu.stanford.spezi.account.testappuitests;
				PRODUCT_NAME = "$(TARGET_NAME)";
				PROVISIONING_PROFILE = "";
				SUPPORTED_PLATFORMS = "iphoneos iphonesimulator xros xrsimulator";
				SUPPORTS_MACCATALYST = YES;
				SUPPORTS_XR_DESIGNED_FOR_IPHONE_IPAD = NO;
				SWIFT_EMIT_LOC_STRINGS = NO;
				TARGETED_DEVICE_FAMILY = "1,2,7";
				TEST_TARGET_NAME = TestApp;
				XROS_DEPLOYMENT_TARGET = 1.0;
			};
			name = Release;
		};
		A94FDCE12AFC4A86008026CE /* Test */ = {
			isa = XCBuildConfiguration;
			buildSettings = {
				ALWAYS_SEARCH_USER_PATHS = NO;
				ASSETCATALOG_COMPILER_GENERATE_SWIFT_ASSET_SYMBOL_EXTENSIONS = YES;
				CLANG_ANALYZER_NONNULL = YES;
				CLANG_ANALYZER_NUMBER_OBJECT_CONVERSION = YES_AGGRESSIVE;
				CLANG_CXX_LANGUAGE_STANDARD = "gnu++20";
				CLANG_ENABLE_MODULES = YES;
				CLANG_ENABLE_OBJC_ARC = YES;
				CLANG_ENABLE_OBJC_WEAK = YES;
				CLANG_WARN_BLOCK_CAPTURE_AUTORELEASING = YES;
				CLANG_WARN_BOOL_CONVERSION = YES;
				CLANG_WARN_COMMA = YES;
				CLANG_WARN_CONSTANT_CONVERSION = YES;
				CLANG_WARN_DEPRECATED_OBJC_IMPLEMENTATIONS = YES;
				CLANG_WARN_DIRECT_OBJC_ISA_USAGE = YES_ERROR;
				CLANG_WARN_DOCUMENTATION_COMMENTS = YES;
				CLANG_WARN_EMPTY_BODY = YES;
				CLANG_WARN_ENUM_CONVERSION = YES;
				CLANG_WARN_INFINITE_RECURSION = YES;
				CLANG_WARN_INT_CONVERSION = YES;
				CLANG_WARN_NON_LITERAL_NULL_CONVERSION = YES;
				CLANG_WARN_OBJC_IMPLICIT_RETAIN_SELF = YES;
				CLANG_WARN_OBJC_LITERAL_CONVERSION = YES;
				CLANG_WARN_OBJC_ROOT_CLASS = YES_ERROR;
				CLANG_WARN_QUOTED_INCLUDE_IN_FRAMEWORK_HEADER = YES;
				CLANG_WARN_RANGE_LOOP_ANALYSIS = YES;
				CLANG_WARN_STRICT_PROTOTYPES = YES;
				CLANG_WARN_SUSPICIOUS_MOVE = YES;
				CLANG_WARN_UNGUARDED_AVAILABILITY = YES_AGGRESSIVE;
				CLANG_WARN_UNREACHABLE_CODE = YES;
				CLANG_WARN__DUPLICATE_METHOD_MATCH = YES;
				COPY_PHASE_STRIP = NO;
				DEBUG_INFORMATION_FORMAT = dwarf;
				ENABLE_STRICT_OBJC_MSGSEND = YES;
				ENABLE_TESTABILITY = YES;
				ENABLE_USER_SCRIPT_SANDBOXING = YES;
				GCC_C_LANGUAGE_STANDARD = gnu11;
				GCC_DYNAMIC_NO_PIC = NO;
				GCC_NO_COMMON_BLOCKS = YES;
				GCC_OPTIMIZATION_LEVEL = 0;
				GCC_PREPROCESSOR_DEFINITIONS = (
					"DEBUG=1",
					"$(inherited)",
				);
				GCC_WARN_64_TO_32_BIT_CONVERSION = YES;
				GCC_WARN_ABOUT_RETURN_TYPE = YES_ERROR;
				GCC_WARN_UNDECLARED_SELECTOR = YES;
				GCC_WARN_UNINITIALIZED_AUTOS = YES_AGGRESSIVE;
				GCC_WARN_UNUSED_FUNCTION = YES;
				GCC_WARN_UNUSED_VARIABLE = YES;
				IPHONEOS_DEPLOYMENT_TARGET = 17.0;
				MTL_ENABLE_DEBUG_INFO = INCLUDE_SOURCE;
				MTL_FAST_MATH = YES;
				ONLY_ACTIVE_ARCH = YES;
				SDKROOT = iphoneos;
				SWIFT_ACTIVE_COMPILATION_CONDITIONS = TEST;
				SWIFT_OPTIMIZATION_LEVEL = "-Onone";
				SWIFT_STRICT_CONCURRENCY = complete;
				SWIFT_VERSION = 6.0;
			};
			name = Test;
		};
		A94FDCE22AFC4A86008026CE /* Test */ = {
			isa = XCBuildConfiguration;
			buildSettings = {
				ASSETCATALOG_COMPILER_APPICON_NAME = AppIcon;
				ASSETCATALOG_COMPILER_GLOBAL_ACCENT_COLOR_NAME = AccentColor;
				CODE_SIGN_ENTITLEMENTS = TestApp/TestApp.entitlements;
				CODE_SIGN_STYLE = Automatic;
				CURRENT_PROJECT_VERSION = 1;
				DEVELOPMENT_ASSET_PATHS = "";
				DEVELOPMENT_TEAM = 637867499T;
				ENABLE_PREVIEWS = YES;
				ENABLE_TESTING_SEARCH_PATHS = YES;
				GENERATE_INFOPLIST_FILE = YES;
				INFOPLIST_FILE = TestApp/Info.plist;
				INFOPLIST_KEY_UIApplicationSceneManifest_Generation = YES;
				INFOPLIST_KEY_UIApplicationSupportsIndirectInputEvents = YES;
				INFOPLIST_KEY_UILaunchScreen_Generation = YES;
				INFOPLIST_KEY_UISupportedInterfaceOrientations_iPad = "UIInterfaceOrientationPortrait UIInterfaceOrientationPortraitUpsideDown UIInterfaceOrientationLandscapeLeft UIInterfaceOrientationLandscapeRight";
				INFOPLIST_KEY_UISupportedInterfaceOrientations_iPhone = "UIInterfaceOrientationPortrait UIInterfaceOrientationLandscapeLeft UIInterfaceOrientationLandscapeRight";
				LD_RUNPATH_SEARCH_PATHS = (
					"$(inherited)",
					"@executable_path/Frameworks",
				);
				MARKETING_VERSION = 1.0;
				PRODUCT_BUNDLE_IDENTIFIER = edu.stanford.spezi.account.testapp;
				PRODUCT_NAME = "$(TARGET_NAME)";
				SUPPORTED_PLATFORMS = "iphoneos iphonesimulator xros xrsimulator";
				SUPPORTS_MACCATALYST = NO;
				SUPPORTS_XR_DESIGNED_FOR_IPHONE_IPAD = NO;
				SWIFT_EMIT_LOC_STRINGS = YES;
				SWIFT_STRICT_CONCURRENCY = complete;
				TARGETED_DEVICE_FAMILY = "1,2,7";
				XROS_DEPLOYMENT_TARGET = 1.0;
			};
			name = Test;
		};
		A94FDCE32AFC4A86008026CE /* Test */ = {
			isa = XCBuildConfiguration;
			buildSettings = {
				CLANG_ENABLE_MODULES = YES;
				CODE_SIGN_STYLE = Automatic;
				CURRENT_PROJECT_VERSION = 1;
				DEVELOPMENT_TEAM = 637867499T;
				GENERATE_INFOPLIST_FILE = YES;
				MARKETING_VERSION = 1.0;
				PRODUCT_BUNDLE_IDENTIFIER = edu.stanford.spezi.account.testappuitests;
				PRODUCT_NAME = "$(TARGET_NAME)";
				PROVISIONING_PROFILE = "";
				SUPPORTED_PLATFORMS = "iphoneos iphonesimulator xros xrsimulator";
				SUPPORTS_MACCATALYST = YES;
				SUPPORTS_XR_DESIGNED_FOR_IPHONE_IPAD = NO;
				SWIFT_EMIT_LOC_STRINGS = NO;
				SWIFT_OPTIMIZATION_LEVEL = "-Onone";
				TARGETED_DEVICE_FAMILY = "1,2,7";
				TEST_TARGET_NAME = TestApp;
				XROS_DEPLOYMENT_TARGET = 1.0;
			};
			name = Test;
		};
/* End XCBuildConfiguration section */

/* Begin XCConfigurationList section */
		2F6D138D28F5F384007C25D6 /* Build configuration list for PBXProject "UITests" */ = {
			isa = XCConfigurationList;
			buildConfigurations = (
				2F6D13B428F5F386007C25D6 /* Debug */,
				A94FDCE12AFC4A86008026CE /* Test */,
				2F6D13B528F5F386007C25D6 /* Release */,
			);
			defaultConfigurationIsVisible = 0;
			defaultConfigurationName = Release;
		};
		2F6D13B628F5F386007C25D6 /* Build configuration list for PBXNativeTarget "TestApp" */ = {
			isa = XCConfigurationList;
			buildConfigurations = (
				2F6D13B728F5F386007C25D6 /* Debug */,
				A94FDCE22AFC4A86008026CE /* Test */,
				2F6D13B828F5F386007C25D6 /* Release */,
			);
			defaultConfigurationIsVisible = 0;
			defaultConfigurationName = Release;
		};
		2F6D13BC28F5F386007C25D6 /* Build configuration list for PBXNativeTarget "TestAppUITests" */ = {
			isa = XCConfigurationList;
			buildConfigurations = (
				2F6D13BD28F5F386007C25D6 /* Debug */,
				A94FDCE32AFC4A86008026CE /* Test */,
				2F6D13BE28F5F386007C25D6 /* Release */,
			);
			defaultConfigurationIsVisible = 0;
			defaultConfigurationName = Release;
		};
/* End XCConfigurationList section */

/* Begin XCRemoteSwiftPackageReference section */
		2F027C9929D6C91D00234098 /* XCRemoteSwiftPackageReference "XCTestExtensions" */ = {
			isa = XCRemoteSwiftPackageReference;
			repositoryURL = "https://github.com/StanfordBDHG/XCTestExtensions.git";
			requirement = {
				kind = upToNextMajorVersion;
				minimumVersion = 1.0.0;
			};
		};
		A969240D2A9A198800E2128B /* XCRemoteSwiftPackageReference "swift-argument-parser" */ = {
			isa = XCRemoteSwiftPackageReference;
			repositoryURL = "https://github.com/apple/swift-argument-parser.git";
			requirement = {
				kind = upToNextMajorVersion;
				minimumVersion = 1.0.0;
			};
		};
/* End XCRemoteSwiftPackageReference section */

/* Begin XCSwiftPackageProductDependency section */
		2F027C9A29D6C91E00234098 /* XCTestExtensions */ = {
			isa = XCSwiftPackageProductDependency;
			package = 2F027C9929D6C91D00234098 /* XCRemoteSwiftPackageReference "XCTestExtensions" */;
			productName = XCTestExtensions;
		};
		2FAD38BF2A455FC200E79ED1 /* SpeziAccount */ = {
			isa = XCSwiftPackageProductDependency;
			productName = SpeziAccount;
		};
		A969240E2A9A198800E2128B /* ArgumentParser */ = {
			isa = XCSwiftPackageProductDependency;
			package = A969240D2A9A198800E2128B /* XCRemoteSwiftPackageReference "swift-argument-parser" */;
			productName = ArgumentParser;
		};
		A994264A2CD25C50002F8BD5 /* XCTSpeziAccount */ = {
			isa = XCSwiftPackageProductDependency;
			productName = XCTSpeziAccount;
		};
/* End XCSwiftPackageProductDependency section */
	};
	rootObject = 2F6D138A28F5F384007C25D6 /* Project object */;
}
