// !$*UTF8*$!
{
	archiveVersion = 1;
	classes = {
	};
	objectVersion = 56;
	objects = {

/* Begin PBXBuildFile section */
		2F027C8629D6C2AD00234098 /* AccountTestsView.swift in Sources */ = {isa = PBXBuildFile; fileRef = 2F027C7B29D6C29B00234098 /* AccountTestsView.swift */; };
		2F027C8729D6C2AD00234098 /* TestAccountConfiguration.swift in Sources */ = {isa = PBXBuildFile; fileRef = 2F027C7E29D6C29B00234098 /* TestAccountConfiguration.swift */; };
		2F027C8829D6C2AD00234098 /* MockAccountServiceError.swift in Sources */ = {isa = PBXBuildFile; fileRef = 2F027C7A29D6C29B00234098 /* MockAccountServiceError.swift */; };
		2F027C8929D6C2AD00234098 /* User.swift in Sources */ = {isa = PBXBuildFile; fileRef = 2F027C7F29D6C29B00234098 /* User.swift */; };
		2F027C8A29D6C2AD00234098 /* MockEmailPasswordAccountService.swift in Sources */ = {isa = PBXBuildFile; fileRef = 2F027C7C29D6C29B00234098 /* MockEmailPasswordAccountService.swift */; };
		2F027C8B29D6C2AD00234098 /* MockUsernamePasswordAccountService.swift in Sources */ = {isa = PBXBuildFile; fileRef = 2F027C7D29D6C29B00234098 /* MockUsernamePasswordAccountService.swift */; };
		2F027C8F29D6C2CD00234098 /* AccountLoginTests.swift in Sources */ = {isa = PBXBuildFile; fileRef = 2F027C8C29D6C2CC00234098 /* AccountLoginTests.swift */; };
		2F027C9029D6C2CD00234098 /* AccountResetPasswordTests.swift in Sources */ = {isa = PBXBuildFile; fileRef = 2F027C8D29D6C2CC00234098 /* AccountResetPasswordTests.swift */; };
		2F027C9129D6C2CD00234098 /* AccountSignUpTests.swift in Sources */ = {isa = PBXBuildFile; fileRef = 2F027C8E29D6C2CD00234098 /* AccountSignUpTests.swift */; };
		2F027C9529D6C63100234098 /* TestAppDelegate.swift in Sources */ = {isa = PBXBuildFile; fileRef = 2F027C9429D6C63100234098 /* TestAppDelegate.swift */; };
		2F027C9829D6C6DB00234098 /* TestAppStandard.swift in Sources */ = {isa = PBXBuildFile; fileRef = 2F027C9729D6C6DB00234098 /* TestAppStandard.swift */; };
		2F027C9B29D6C91E00234098 /* XCTestExtensions in Frameworks */ = {isa = PBXBuildFile; productRef = 2F027C9A29D6C91E00234098 /* XCTestExtensions */; };
		2F027C9D29D6CA1100234098 /* XCUIApplication+TestPrimaryButton.swift in Sources */ = {isa = PBXBuildFile; fileRef = 2F027C9C29D6CA1100234098 /* XCUIApplication+TestPrimaryButton.swift */; };
		2F6D139A28F5F386007C25D6 /* Assets.xcassets in Resources */ = {isa = PBXBuildFile; fileRef = 2F6D139928F5F386007C25D6 /* Assets.xcassets */; };
		2FA7382C290ADFAA007ACEB9 /* TestApp.swift in Sources */ = {isa = PBXBuildFile; fileRef = 2FA7382B290ADFAA007ACEB9 /* TestApp.swift */; };
		2FAD38C02A455FC200E79ED1 /* SpeziAccount in Frameworks */ = {isa = PBXBuildFile; productRef = 2FAD38BF2A455FC200E79ED1 /* SpeziAccount */; };
		A9EE7D282A3357D900C2B9A9 /* EmptyAccountServicesTests.swift in Sources */ = {isa = PBXBuildFile; fileRef = A9EE7D272A3357D900C2B9A9 /* EmptyAccountServicesTests.swift */; };
		A9EE7D2A2A3359E800C2B9A9 /* FeatureFlags.swift in Sources */ = {isa = PBXBuildFile; fileRef = A9EE7D292A3359E800C2B9A9 /* FeatureFlags.swift */; };
/* End PBXBuildFile section */

/* Begin PBXContainerItemProxy section */
		2F6D13AD28F5F386007C25D6 /* PBXContainerItemProxy */ = {
			isa = PBXContainerItemProxy;
			containerPortal = 2F6D138A28F5F384007C25D6 /* Project object */;
			proxyType = 1;
			remoteGlobalIDString = 2F6D139128F5F384007C25D6;
			remoteInfo = Example;
		};
/* End PBXContainerItemProxy section */

/* Begin PBXFileReference section */
		2F027C7A29D6C29B00234098 /* MockAccountServiceError.swift */ = {isa = PBXFileReference; fileEncoding = 4; lastKnownFileType = sourcecode.swift; path = MockAccountServiceError.swift; sourceTree = "<group>"; };
		2F027C7B29D6C29B00234098 /* AccountTestsView.swift */ = {isa = PBXFileReference; fileEncoding = 4; lastKnownFileType = sourcecode.swift; path = AccountTestsView.swift; sourceTree = "<group>"; };
		2F027C7C29D6C29B00234098 /* MockEmailPasswordAccountService.swift */ = {isa = PBXFileReference; fileEncoding = 4; lastKnownFileType = sourcecode.swift; path = MockEmailPasswordAccountService.swift; sourceTree = "<group>"; };
		2F027C7D29D6C29B00234098 /* MockUsernamePasswordAccountService.swift */ = {isa = PBXFileReference; fileEncoding = 4; lastKnownFileType = sourcecode.swift; path = MockUsernamePasswordAccountService.swift; sourceTree = "<group>"; };
		2F027C7E29D6C29B00234098 /* TestAccountConfiguration.swift */ = {isa = PBXFileReference; fileEncoding = 4; lastKnownFileType = sourcecode.swift; path = TestAccountConfiguration.swift; sourceTree = "<group>"; };
		2F027C7F29D6C29B00234098 /* User.swift */ = {isa = PBXFileReference; fileEncoding = 4; lastKnownFileType = sourcecode.swift; path = User.swift; sourceTree = "<group>"; };
		2F027C8C29D6C2CC00234098 /* AccountLoginTests.swift */ = {isa = PBXFileReference; fileEncoding = 4; lastKnownFileType = sourcecode.swift; path = AccountLoginTests.swift; sourceTree = "<group>"; };
		2F027C8D29D6C2CC00234098 /* AccountResetPasswordTests.swift */ = {isa = PBXFileReference; fileEncoding = 4; lastKnownFileType = sourcecode.swift; path = AccountResetPasswordTests.swift; sourceTree = "<group>"; };
		2F027C8E29D6C2CD00234098 /* AccountSignUpTests.swift */ = {isa = PBXFileReference; fileEncoding = 4; lastKnownFileType = sourcecode.swift; path = AccountSignUpTests.swift; sourceTree = "<group>"; };
		2F027C9429D6C63100234098 /* TestAppDelegate.swift */ = {isa = PBXFileReference; lastKnownFileType = sourcecode.swift; path = TestAppDelegate.swift; sourceTree = "<group>"; };
		2F027C9729D6C6DB00234098 /* TestAppStandard.swift */ = {isa = PBXFileReference; lastKnownFileType = sourcecode.swift; path = TestAppStandard.swift; sourceTree = "<group>"; };
		2F027C9C29D6CA1100234098 /* XCUIApplication+TestPrimaryButton.swift */ = {isa = PBXFileReference; fileEncoding = 4; lastKnownFileType = sourcecode.swift; path = "XCUIApplication+TestPrimaryButton.swift"; sourceTree = "<group>"; };
		2F6D139228F5F384007C25D6 /* TestApp.app */ = {isa = PBXFileReference; explicitFileType = wrapper.application; includeInIndex = 0; path = TestApp.app; sourceTree = BUILT_PRODUCTS_DIR; };
		2F6D139928F5F386007C25D6 /* Assets.xcassets */ = {isa = PBXFileReference; lastKnownFileType = folder.assetcatalog; path = Assets.xcassets; sourceTree = "<group>"; };
		2F6D13AC28F5F386007C25D6 /* TestAppUITests.xctest */ = {isa = PBXFileReference; explicitFileType = wrapper.cfbundle; includeInIndex = 0; path = TestAppUITests.xctest; sourceTree = BUILT_PRODUCTS_DIR; };
		2FA7382B290ADFAA007ACEB9 /* TestApp.swift */ = {isa = PBXFileReference; fileEncoding = 4; lastKnownFileType = sourcecode.swift; path = TestApp.swift; sourceTree = "<group>"; };
		2FAD38BE2A455F7D00E79ED1 /* SpeziAccount */ = {isa = PBXFileReference; lastKnownFileType = wrapper; name = SpeziAccount; path = ../..; sourceTree = "<group>"; };
		2FB0758A299DDB9000C0B37F /* TestApp.xctestplan */ = {isa = PBXFileReference; lastKnownFileType = text; path = TestApp.xctestplan; sourceTree = "<group>"; };
		A9EE7D272A3357D900C2B9A9 /* EmptyAccountServicesTests.swift */ = {isa = PBXFileReference; fileEncoding = 4; lastKnownFileType = sourcecode.swift; path = EmptyAccountServicesTests.swift; sourceTree = "<group>"; };
		A9EE7D292A3359E800C2B9A9 /* FeatureFlags.swift */ = {isa = PBXFileReference; lastKnownFileType = sourcecode.swift; path = FeatureFlags.swift; sourceTree = "<group>"; };
/* End PBXFileReference section */

/* Begin PBXFrameworksBuildPhase section */
		2F6D138F28F5F384007C25D6 /* Frameworks */ = {
			isa = PBXFrameworksBuildPhase;
			buildActionMask = 2147483647;
			files = (
				2FAD38C02A455FC200E79ED1 /* SpeziAccount in Frameworks */,
			);
			runOnlyForDeploymentPostprocessing = 0;
		};
		2F6D13A928F5F386007C25D6 /* Frameworks */ = {
			isa = PBXFrameworksBuildPhase;
			buildActionMask = 2147483647;
			files = (
				2F027C9B29D6C91E00234098 /* XCTestExtensions in Frameworks */,
			);
			runOnlyForDeploymentPostprocessing = 0;
		};
/* End PBXFrameworksBuildPhase section */

/* Begin PBXGroup section */
		2F027C9629D6C63300234098 /* AccountTests */ = {
			isa = PBXGroup;
			children = (
				2F027C7B29D6C29B00234098 /* AccountTestsView.swift */,
				2F027C7A29D6C29B00234098 /* MockAccountServiceError.swift */,
				2F027C7C29D6C29B00234098 /* MockEmailPasswordAccountService.swift */,
				2F027C7D29D6C29B00234098 /* MockUsernamePasswordAccountService.swift */,
				2F027C7E29D6C29B00234098 /* TestAccountConfiguration.swift */,
				2F027C7F29D6C29B00234098 /* User.swift */,
			);
			path = AccountTests;
			sourceTree = "<group>";
		};
		2F6D138928F5F384007C25D6 = {
			isa = PBXGroup;
			children = (
				2FB0758A299DDB9000C0B37F /* TestApp.xctestplan */,
				2FAD38BE2A455F7D00E79ED1 /* SpeziAccount */,
				2F6D139428F5F384007C25D6 /* TestApp */,
				2F6D13AF28F5F386007C25D6 /* TestAppUITests */,
				2F6D139328F5F384007C25D6 /* Products */,
				2F6D13C228F5F3BE007C25D6 /* Frameworks */,
			);
			sourceTree = "<group>";
		};
		2F6D139328F5F384007C25D6 /* Products */ = {
			isa = PBXGroup;
			children = (
				2F6D139228F5F384007C25D6 /* TestApp.app */,
				2F6D13AC28F5F386007C25D6 /* TestAppUITests.xctest */,
			);
			name = Products;
			sourceTree = "<group>";
		};
		2F6D139428F5F384007C25D6 /* TestApp */ = {
			isa = PBXGroup;
			children = (
				2F027C9629D6C63300234098 /* AccountTests */,
				A9EE7D292A3359E800C2B9A9 /* FeatureFlags.swift */,
				2FA7382B290ADFAA007ACEB9 /* TestApp.swift */,
				2F027C9429D6C63100234098 /* TestAppDelegate.swift */,
				2F027C9729D6C6DB00234098 /* TestAppStandard.swift */,
				2F6D139928F5F386007C25D6 /* Assets.xcassets */,
			);
			path = TestApp;
			sourceTree = "<group>";
		};
		2F6D13AF28F5F386007C25D6 /* TestAppUITests */ = {
			isa = PBXGroup;
			children = (
				2F027C9C29D6CA1100234098 /* XCUIApplication+TestPrimaryButton.swift */,
				2F027C8C29D6C2CC00234098 /* AccountLoginTests.swift */,
				2F027C8D29D6C2CC00234098 /* AccountResetPasswordTests.swift */,
				A9EE7D272A3357D900C2B9A9 /* EmptyAccountServicesTests.swift */,
				2F027C8E29D6C2CD00234098 /* AccountSignUpTests.swift */,
			);
			path = TestAppUITests;
			sourceTree = "<group>";
		};
		2F6D13C228F5F3BE007C25D6 /* Frameworks */ = {
			isa = PBXGroup;
			children = (
			);
			name = Frameworks;
			sourceTree = "<group>";
		};
/* End PBXGroup section */

/* Begin PBXNativeTarget section */
		2F6D139128F5F384007C25D6 /* TestApp */ = {
			isa = PBXNativeTarget;
			buildConfigurationList = 2F6D13B628F5F386007C25D6 /* Build configuration list for PBXNativeTarget "TestApp" */;
			buildPhases = (
				2F6D138E28F5F384007C25D6 /* Sources */,
				2F6D138F28F5F384007C25D6 /* Frameworks */,
				2F6D139028F5F384007C25D6 /* Resources */,
			);
			buildRules = (
			);
			dependencies = (
			);
			name = TestApp;
			packageProductDependencies = (
				2FAD38BF2A455FC200E79ED1 /* SpeziAccount */,
			);
			productName = Example;
			productReference = 2F6D139228F5F384007C25D6 /* TestApp.app */;
			productType = "com.apple.product-type.application";
		};
		2F6D13AB28F5F386007C25D6 /* TestAppUITests */ = {
			isa = PBXNativeTarget;
			buildConfigurationList = 2F6D13BC28F5F386007C25D6 /* Build configuration list for PBXNativeTarget "TestAppUITests" */;
			buildPhases = (
				2F6D13A828F5F386007C25D6 /* Sources */,
				2F6D13A928F5F386007C25D6 /* Frameworks */,
				2F6D13AA28F5F386007C25D6 /* Resources */,
			);
			buildRules = (
			);
			dependencies = (
				2F6D13AE28F5F386007C25D6 /* PBXTargetDependency */,
			);
			name = TestAppUITests;
			packageProductDependencies = (
				2F027C9A29D6C91E00234098 /* XCTestExtensions */,
			);
			productName = ExampleUITests;
			productReference = 2F6D13AC28F5F386007C25D6 /* TestAppUITests.xctest */;
			productType = "com.apple.product-type.bundle.ui-testing";
		};
/* End PBXNativeTarget section */

/* Begin PBXProject section */
		2F6D138A28F5F384007C25D6 /* Project object */ = {
			isa = PBXProject;
			attributes = {
				BuildIndependentTargetsInParallel = 1;
				LastSwiftUpdateCheck = 1410;
				LastUpgradeCheck = 1410;
				TargetAttributes = {
					2F6D139128F5F384007C25D6 = {
						CreatedOnToolsVersion = 14.1;
					};
					2F6D13AB28F5F386007C25D6 = {
						CreatedOnToolsVersion = 14.1;
						LastSwiftMigration = 1430;
						TestTargetID = 2F6D139128F5F384007C25D6;
					};
				};
			};
			buildConfigurationList = 2F6D138D28F5F384007C25D6 /* Build configuration list for PBXProject "UITests" */;
			compatibilityVersion = "Xcode 14.0";
			developmentRegion = en;
			hasScannedForEncodings = 0;
			knownRegions = (
				en,
				Base,
			);
			mainGroup = 2F6D138928F5F384007C25D6;
			packageReferences = (
				2F027C9929D6C91D00234098 /* XCRemoteSwiftPackageReference "XCTestExtensions" */,
			);
			productRefGroup = 2F6D139328F5F384007C25D6 /* Products */;
			projectDirPath = "";
			projectRoot = "";
			targets = (
				2F6D139128F5F384007C25D6 /* TestApp */,
				2F6D13AB28F5F386007C25D6 /* TestAppUITests */,
			);
		};
/* End PBXProject section */

/* Begin PBXResourcesBuildPhase section */
		2F6D139028F5F384007C25D6 /* Resources */ = {
			isa = PBXResourcesBuildPhase;
			buildActionMask = 2147483647;
			files = (
				2F6D139A28F5F386007C25D6 /* Assets.xcassets in Resources */,
			);
			runOnlyForDeploymentPostprocessing = 0;
		};
		2F6D13AA28F5F386007C25D6 /* Resources */ = {
			isa = PBXResourcesBuildPhase;
			buildActionMask = 2147483647;
			files = (
			);
			runOnlyForDeploymentPostprocessing = 0;
		};
/* End PBXResourcesBuildPhase section */

/* Begin PBXSourcesBuildPhase section */
		2F6D138E28F5F384007C25D6 /* Sources */ = {
			isa = PBXSourcesBuildPhase;
			buildActionMask = 2147483647;
			files = (
				2F027C8629D6C2AD00234098 /* AccountTestsView.swift in Sources */,
				2FA7382C290ADFAA007ACEB9 /* TestApp.swift in Sources */,
				2F027C8B29D6C2AD00234098 /* MockUsernamePasswordAccountService.swift in Sources */,
				2F027C8829D6C2AD00234098 /* MockAccountServiceError.swift in Sources */,
				A9EE7D2A2A3359E800C2B9A9 /* FeatureFlags.swift in Sources */,
				2F027C9529D6C63100234098 /* TestAppDelegate.swift in Sources */,
				2F027C8929D6C2AD00234098 /* User.swift in Sources */,
				2F027C9829D6C6DB00234098 /* TestAppStandard.swift in Sources */,
				2F027C8729D6C2AD00234098 /* TestAccountConfiguration.swift in Sources */,
				2F027C8A29D6C2AD00234098 /* MockEmailPasswordAccountService.swift in Sources */,
			);
			runOnlyForDeploymentPostprocessing = 0;
		};
		2F6D13A828F5F386007C25D6 /* Sources */ = {
			isa = PBXSourcesBuildPhase;
			buildActionMask = 2147483647;
			files = (
				A9EE7D282A3357D900C2B9A9 /* EmptyAccountServicesTests.swift in Sources */,
				2F027C9029D6C2CD00234098 /* AccountResetPasswordTests.swift in Sources */,
				2F027C9D29D6CA1100234098 /* XCUIApplication+TestPrimaryButton.swift in Sources */,
				2F027C8F29D6C2CD00234098 /* AccountLoginTests.swift in Sources */,
				2F027C9129D6C2CD00234098 /* AccountSignUpTests.swift in Sources */,
			);
			runOnlyForDeploymentPostprocessing = 0;
		};
/* End PBXSourcesBuildPhase section */

/* Begin PBXTargetDependency section */
		2F6D13AE28F5F386007C25D6 /* PBXTargetDependency */ = {
			isa = PBXTargetDependency;
			target = 2F6D139128F5F384007C25D6 /* TestApp */;
			targetProxy = 2F6D13AD28F5F386007C25D6 /* PBXContainerItemProxy */;
		};
/* End PBXTargetDependency section */

/* Begin XCBuildConfiguration section */
		2F6D13B428F5F386007C25D6 /* Debug */ = {
			isa = XCBuildConfiguration;
			buildSettings = {
				ALWAYS_SEARCH_USER_PATHS = NO;
				CLANG_ANALYZER_NONNULL = YES;
				CLANG_ANALYZER_NUMBER_OBJECT_CONVERSION = YES_AGGRESSIVE;
				CLANG_CXX_LANGUAGE_STANDARD = "gnu++20";
				CLANG_ENABLE_MODULES = YES;
				CLANG_ENABLE_OBJC_ARC = YES;
				CLANG_ENABLE_OBJC_WEAK = YES;
				CLANG_WARN_BLOCK_CAPTURE_AUTORELEASING = YES;
				CLANG_WARN_BOOL_CONVERSION = YES;
				CLANG_WARN_COMMA = YES;
				CLANG_WARN_CONSTANT_CONVERSION = YES;
				CLANG_WARN_DEPRECATED_OBJC_IMPLEMENTATIONS = YES;
				CLANG_WARN_DIRECT_OBJC_ISA_USAGE = YES_ERROR;
				CLANG_WARN_DOCUMENTATION_COMMENTS = YES;
				CLANG_WARN_EMPTY_BODY = YES;
				CLANG_WARN_ENUM_CONVERSION = YES;
				CLANG_WARN_INFINITE_RECURSION = YES;
				CLANG_WARN_INT_CONVERSION = YES;
				CLANG_WARN_NON_LITERAL_NULL_CONVERSION = YES;
				CLANG_WARN_OBJC_IMPLICIT_RETAIN_SELF = YES;
				CLANG_WARN_OBJC_LITERAL_CONVERSION = YES;
				CLANG_WARN_OBJC_ROOT_CLASS = YES_ERROR;
				CLANG_WARN_QUOTED_INCLUDE_IN_FRAMEWORK_HEADER = YES;
				CLANG_WARN_RANGE_LOOP_ANALYSIS = YES;
				CLANG_WARN_STRICT_PROTOTYPES = YES;
				CLANG_WARN_SUSPICIOUS_MOVE = YES;
				CLANG_WARN_UNGUARDED_AVAILABILITY = YES_AGGRESSIVE;
				CLANG_WARN_UNREACHABLE_CODE = YES;
				CLANG_WARN__DUPLICATE_METHOD_MATCH = YES;
				COPY_PHASE_STRIP = NO;
				DEBUG_INFORMATION_FORMAT = dwarf;
				ENABLE_STRICT_OBJC_MSGSEND = YES;
				ENABLE_TESTABILITY = YES;
				GCC_C_LANGUAGE_STANDARD = gnu11;
				GCC_DYNAMIC_NO_PIC = NO;
				GCC_NO_COMMON_BLOCKS = YES;
				GCC_OPTIMIZATION_LEVEL = 0;
				GCC_PREPROCESSOR_DEFINITIONS = (
					"DEBUG=1",
					"$(inherited)",
				);
				GCC_WARN_64_TO_32_BIT_CONVERSION = YES;
				GCC_WARN_ABOUT_RETURN_TYPE = YES_ERROR;
				GCC_WARN_UNDECLARED_SELECTOR = YES;
				GCC_WARN_UNINITIALIZED_AUTOS = YES_AGGRESSIVE;
				GCC_WARN_UNUSED_FUNCTION = YES;
				GCC_WARN_UNUSED_VARIABLE = YES;
				IPHONEOS_DEPLOYMENT_TARGET = 16.0;
				MTL_ENABLE_DEBUG_INFO = INCLUDE_SOURCE;
				MTL_FAST_MATH = YES;
				ONLY_ACTIVE_ARCH = YES;
				SDKROOT = iphoneos;
				SWIFT_ACTIVE_COMPILATION_CONDITIONS = DEBUG;
				SWIFT_OPTIMIZATION_LEVEL = "-Onone";
			};
			name = Debug;
		};
		2F6D13B528F5F386007C25D6 /* Release */ = {
			isa = XCBuildConfiguration;
			buildSettings = {
				ALWAYS_SEARCH_USER_PATHS = NO;
				CLANG_ANALYZER_NONNULL = YES;
				CLANG_ANALYZER_NUMBER_OBJECT_CONVERSION = YES_AGGRESSIVE;
				CLANG_CXX_LANGUAGE_STANDARD = "gnu++20";
				CLANG_ENABLE_MODULES = YES;
				CLANG_ENABLE_OBJC_ARC = YES;
				CLANG_ENABLE_OBJC_WEAK = YES;
				CLANG_WARN_BLOCK_CAPTURE_AUTORELEASING = YES;
				CLANG_WARN_BOOL_CONVERSION = YES;
				CLANG_WARN_COMMA = YES;
				CLANG_WARN_CONSTANT_CONVERSION = YES;
				CLANG_WARN_DEPRECATED_OBJC_IMPLEMENTATIONS = YES;
				CLANG_WARN_DIRECT_OBJC_ISA_USAGE = YES_ERROR;
				CLANG_WARN_DOCUMENTATION_COMMENTS = YES;
				CLANG_WARN_EMPTY_BODY = YES;
				CLANG_WARN_ENUM_CONVERSION = YES;
				CLANG_WARN_INFINITE_RECURSION = YES;
				CLANG_WARN_INT_CONVERSION = YES;
				CLANG_WARN_NON_LITERAL_NULL_CONVERSION = YES;
				CLANG_WARN_OBJC_IMPLICIT_RETAIN_SELF = YES;
				CLANG_WARN_OBJC_LITERAL_CONVERSION = YES;
				CLANG_WARN_OBJC_ROOT_CLASS = YES_ERROR;
				CLANG_WARN_QUOTED_INCLUDE_IN_FRAMEWORK_HEADER = YES;
				CLANG_WARN_RANGE_LOOP_ANALYSIS = YES;
				CLANG_WARN_STRICT_PROTOTYPES = YES;
				CLANG_WARN_SUSPICIOUS_MOVE = YES;
				CLANG_WARN_UNGUARDED_AVAILABILITY = YES_AGGRESSIVE;
				CLANG_WARN_UNREACHABLE_CODE = YES;
				CLANG_WARN__DUPLICATE_METHOD_MATCH = YES;
				COPY_PHASE_STRIP = NO;
				DEBUG_INFORMATION_FORMAT = "dwarf-with-dsym";
				ENABLE_NS_ASSERTIONS = NO;
				ENABLE_STRICT_OBJC_MSGSEND = YES;
				GCC_C_LANGUAGE_STANDARD = gnu11;
				GCC_NO_COMMON_BLOCKS = YES;
				GCC_WARN_64_TO_32_BIT_CONVERSION = YES;
				GCC_WARN_ABOUT_RETURN_TYPE = YES_ERROR;
				GCC_WARN_UNDECLARED_SELECTOR = YES;
				GCC_WARN_UNINITIALIZED_AUTOS = YES_AGGRESSIVE;
				GCC_WARN_UNUSED_FUNCTION = YES;
				GCC_WARN_UNUSED_VARIABLE = YES;
				IPHONEOS_DEPLOYMENT_TARGET = 16.0;
				MTL_ENABLE_DEBUG_INFO = NO;
				MTL_FAST_MATH = YES;
				SDKROOT = iphoneos;
				SWIFT_COMPILATION_MODE = wholemodule;
				SWIFT_OPTIMIZATION_LEVEL = "-O";
				VALIDATE_PRODUCT = YES;
			};
			name = Release;
		};
		2F6D13B728F5F386007C25D6 /* Debug */ = {
			isa = XCBuildConfiguration;
			buildSettings = {
				ASSETCATALOG_COMPILER_APPICON_NAME = AppIcon;
				ASSETCATALOG_COMPILER_GLOBAL_ACCENT_COLOR_NAME = AccentColor;
				CODE_SIGN_STYLE = Automatic;
				CURRENT_PROJECT_VERSION = 1;
				DEVELOPMENT_ASSET_PATHS = "";
				DEVELOPMENT_TEAM = 637867499T;
				ENABLE_PREVIEWS = YES;
				ENABLE_TESTING_SEARCH_PATHS = YES;
				GENERATE_INFOPLIST_FILE = YES;
				INFOPLIST_KEY_UIApplicationSceneManifest_Generation = YES;
				INFOPLIST_KEY_UIApplicationSupportsIndirectInputEvents = YES;
				INFOPLIST_KEY_UILaunchScreen_Generation = YES;
				INFOPLIST_KEY_UISupportedInterfaceOrientations_iPad = "UIInterfaceOrientationPortrait UIInterfaceOrientationPortraitUpsideDown UIInterfaceOrientationLandscapeLeft UIInterfaceOrientationLandscapeRight";
				INFOPLIST_KEY_UISupportedInterfaceOrientations_iPhone = "UIInterfaceOrientationPortrait UIInterfaceOrientationLandscapeLeft UIInterfaceOrientationLandscapeRight";
				LD_RUNPATH_SEARCH_PATHS = (
					"$(inherited)",
					"@executable_path/Frameworks",
				);
				MARKETING_VERSION = 1.0;
				PRODUCT_BUNDLE_IDENTIFIER = edu.stanford.spezi.account.testapp;
				PRODUCT_NAME = "$(TARGET_NAME)";
				SWIFT_EMIT_LOC_STRINGS = YES;
				SWIFT_STRICT_CONCURRENCY = complete;
				SWIFT_VERSION = 5.0;
				TARGETED_DEVICE_FAMILY = "1,2";
			};
			name = Debug;
		};
		2F6D13B828F5F386007C25D6 /* Release */ = {
			isa = XCBuildConfiguration;
			buildSettings = {
				ASSETCATALOG_COMPILER_APPICON_NAME = AppIcon;
				ASSETCATALOG_COMPILER_GLOBAL_ACCENT_COLOR_NAME = AccentColor;
				CODE_SIGN_STYLE = Automatic;
				CURRENT_PROJECT_VERSION = 1;
				DEVELOPMENT_ASSET_PATHS = "";
				DEVELOPMENT_TEAM = 637867499T;
				ENABLE_PREVIEWS = YES;
				ENABLE_TESTING_SEARCH_PATHS = YES;
				GENERATE_INFOPLIST_FILE = YES;
				INFOPLIST_KEY_UIApplicationSceneManifest_Generation = YES;
				INFOPLIST_KEY_UIApplicationSupportsIndirectInputEvents = YES;
				INFOPLIST_KEY_UILaunchScreen_Generation = YES;
				INFOPLIST_KEY_UISupportedInterfaceOrientations_iPad = "UIInterfaceOrientationPortrait UIInterfaceOrientationPortraitUpsideDown UIInterfaceOrientationLandscapeLeft UIInterfaceOrientationLandscapeRight";
				INFOPLIST_KEY_UISupportedInterfaceOrientations_iPhone = "UIInterfaceOrientationPortrait UIInterfaceOrientationLandscapeLeft UIInterfaceOrientationLandscapeRight";
				LD_RUNPATH_SEARCH_PATHS = (
					"$(inherited)",
					"@executable_path/Frameworks",
				);
				MARKETING_VERSION = 1.0;
				PRODUCT_BUNDLE_IDENTIFIER = edu.stanford.spezi.account.testapp;
				PRODUCT_NAME = "$(TARGET_NAME)";
				SWIFT_EMIT_LOC_STRINGS = YES;
				SWIFT_STRICT_CONCURRENCY = complete;
				SWIFT_VERSION = 5.0;
				TARGETED_DEVICE_FAMILY = "1,2";
			};
			name = Release;
		};
		2F6D13BD28F5F386007C25D6 /* Debug */ = {
			isa = XCBuildConfiguration;
			buildSettings = {
				ALWAYS_EMBED_SWIFT_STANDARD_LIBRARIES = YES;
				CLANG_ENABLE_MODULES = YES;
				CODE_SIGN_STYLE = Automatic;
				CURRENT_PROJECT_VERSION = 1;
				DEVELOPMENT_TEAM = 637867499T;
				GENERATE_INFOPLIST_FILE = YES;
				MARKETING_VERSION = 1.0;
				PRODUCT_BUNDLE_IDENTIFIER = edu.stanford.spezi.account.testappuitests;
				PRODUCT_NAME = "$(TARGET_NAME)";
				PROVISIONING_PROFILE = "";
				SWIFT_EMIT_LOC_STRINGS = NO;
				SWIFT_OPTIMIZATION_LEVEL = "-Onone";
				SWIFT_VERSION = 5.0;
				TARGETED_DEVICE_FAMILY = "1,2";
				TEST_TARGET_NAME = TestApp;
			};
			name = Debug;
		};
		2F6D13BE28F5F386007C25D6 /* Release */ = {
			isa = XCBuildConfiguration;
			buildSettings = {
				ALWAYS_EMBED_SWIFT_STANDARD_LIBRARIES = YES;
				CLANG_ENABLE_MODULES = YES;
				CODE_SIGN_STYLE = Automatic;
				CURRENT_PROJECT_VERSION = 1;
				DEVELOPMENT_TEAM = 637867499T;
				GENERATE_INFOPLIST_FILE = YES;
				MARKETING_VERSION = 1.0;
				PRODUCT_BUNDLE_IDENTIFIER = edu.stanford.spezi.account.testappuitests;
				PRODUCT_NAME = "$(TARGET_NAME)";
				PROVISIONING_PROFILE = "";
				SWIFT_EMIT_LOC_STRINGS = NO;
				SWIFT_VERSION = 5.0;
				TARGETED_DEVICE_FAMILY = "1,2";
				TEST_TARGET_NAME = TestApp;
			};
			name = Release;
		};
		2FB07587299DDB6000C0B37F /* Test */ = {
			isa = XCBuildConfiguration;
			buildSettings = {
				ALWAYS_SEARCH_USER_PATHS = NO;
				CLANG_ANALYZER_NONNULL = YES;
				CLANG_ANALYZER_NUMBER_OBJECT_CONVERSION = YES_AGGRESSIVE;
				CLANG_CXX_LANGUAGE_STANDARD = "gnu++20";
				CLANG_ENABLE_MODULES = YES;
				CLANG_ENABLE_OBJC_ARC = YES;
				CLANG_ENABLE_OBJC_WEAK = YES;
				CLANG_WARN_BLOCK_CAPTURE_AUTORELEASING = YES;
				CLANG_WARN_BOOL_CONVERSION = YES;
				CLANG_WARN_COMMA = YES;
				CLANG_WARN_CONSTANT_CONVERSION = YES;
				CLANG_WARN_DEPRECATED_OBJC_IMPLEMENTATIONS = YES;
				CLANG_WARN_DIRECT_OBJC_ISA_USAGE = YES_ERROR;
				CLANG_WARN_DOCUMENTATION_COMMENTS = YES;
				CLANG_WARN_EMPTY_BODY = YES;
				CLANG_WARN_ENUM_CONVERSION = YES;
				CLANG_WARN_INFINITE_RECURSION = YES;
				CLANG_WARN_INT_CONVERSION = YES;
				CLANG_WARN_NON_LITERAL_NULL_CONVERSION = YES;
				CLANG_WARN_OBJC_IMPLICIT_RETAIN_SELF = YES;
				CLANG_WARN_OBJC_LITERAL_CONVERSION = YES;
				CLANG_WARN_OBJC_ROOT_CLASS = YES_ERROR;
				CLANG_WARN_QUOTED_INCLUDE_IN_FRAMEWORK_HEADER = YES;
				CLANG_WARN_RANGE_LOOP_ANALYSIS = YES;
				CLANG_WARN_STRICT_PROTOTYPES = YES;
				CLANG_WARN_SUSPICIOUS_MOVE = YES;
				CLANG_WARN_UNGUARDED_AVAILABILITY = YES_AGGRESSIVE;
				CLANG_WARN_UNREACHABLE_CODE = YES;
				CLANG_WARN__DUPLICATE_METHOD_MATCH = YES;
				COPY_PHASE_STRIP = NO;
				DEBUG_INFORMATION_FORMAT = dwarf;
				ENABLE_STRICT_OBJC_MSGSEND = YES;
				ENABLE_TESTABILITY = YES;
				GCC_C_LANGUAGE_STANDARD = gnu11;
				GCC_DYNAMIC_NO_PIC = NO;
				GCC_NO_COMMON_BLOCKS = YES;
				GCC_OPTIMIZATION_LEVEL = 0;
				GCC_PREPROCESSOR_DEFINITIONS = (
					"DEBUG=1",
					"$(inherited)",
				);
				GCC_WARN_64_TO_32_BIT_CONVERSION = YES;
				GCC_WARN_ABOUT_RETURN_TYPE = YES_ERROR;
				GCC_WARN_UNDECLARED_SELECTOR = YES;
				GCC_WARN_UNINITIALIZED_AUTOS = YES_AGGRESSIVE;
				GCC_WARN_UNUSED_FUNCTION = YES;
				GCC_WARN_UNUSED_VARIABLE = YES;
				IPHONEOS_DEPLOYMENT_TARGET = 16.0;
				MTL_ENABLE_DEBUG_INFO = INCLUDE_SOURCE;
				MTL_FAST_MATH = YES;
				ONLY_ACTIVE_ARCH = YES;
				SDKROOT = iphoneos;
				SWIFT_ACTIVE_COMPILATION_CONDITIONS = TEST;
				SWIFT_OPTIMIZATION_LEVEL = "-Onone";
			};
			name = Test;
		};
		2FB07588299DDB6000C0B37F /* Test */ = {
			isa = XCBuildConfiguration;
			buildSettings = {
				ASSETCATALOG_COMPILER_APPICON_NAME = AppIcon;
				ASSETCATALOG_COMPILER_GLOBAL_ACCENT_COLOR_NAME = AccentColor;
				CODE_SIGN_STYLE = Automatic;
				CURRENT_PROJECT_VERSION = 1;
				DEVELOPMENT_ASSET_PATHS = "";
				DEVELOPMENT_TEAM = 637867499T;
				ENABLE_PREVIEWS = YES;
				ENABLE_TESTING_SEARCH_PATHS = YES;
				GENERATE_INFOPLIST_FILE = YES;
				INFOPLIST_KEY_UIApplicationSceneManifest_Generation = YES;
				INFOPLIST_KEY_UIApplicationSupportsIndirectInputEvents = YES;
				INFOPLIST_KEY_UILaunchScreen_Generation = YES;
				INFOPLIST_KEY_UISupportedInterfaceOrientations_iPad = "UIInterfaceOrientationPortrait UIInterfaceOrientationPortraitUpsideDown UIInterfaceOrientationLandscapeLeft UIInterfaceOrientationLandscapeRight";
				INFOPLIST_KEY_UISupportedInterfaceOrientations_iPhone = "UIInterfaceOrientationPortrait UIInterfaceOrientationLandscapeLeft UIInterfaceOrientationLandscapeRight";
				LD_RUNPATH_SEARCH_PATHS = (
					"$(inherited)",
					"@executable_path/Frameworks",
				);
				MARKETING_VERSION = 1.0;
				PRODUCT_BUNDLE_IDENTIFIER = edu.stanford.spezi.account.testapp;
				PRODUCT_NAME = "$(TARGET_NAME)";
				SWIFT_EMIT_LOC_STRINGS = YES;
				SWIFT_STRICT_CONCURRENCY = complete;
				SWIFT_VERSION = 5.0;
				TARGETED_DEVICE_FAMILY = "1,2";
			};
			name = Test;
		};
		2FB07589299DDB6000C0B37F /* Test */ = {
			isa = XCBuildConfiguration;
			buildSettings = {
				ALWAYS_EMBED_SWIFT_STANDARD_LIBRARIES = YES;
				CLANG_ENABLE_MODULES = YES;
				CODE_SIGN_STYLE = Automatic;
				CURRENT_PROJECT_VERSION = 1;
				DEVELOPMENT_TEAM = 637867499T;
				GENERATE_INFOPLIST_FILE = YES;
				MARKETING_VERSION = 1.0;
				PRODUCT_BUNDLE_IDENTIFIER = edu.stanford.spezi.account.testappuitests;
				PRODUCT_NAME = "$(TARGET_NAME)";
				PROVISIONING_PROFILE = "";
				SWIFT_EMIT_LOC_STRINGS = NO;
				SWIFT_OPTIMIZATION_LEVEL = "-Onone";
				SWIFT_VERSION = 5.0;
				TARGETED_DEVICE_FAMILY = "1,2";
				TEST_TARGET_NAME = TestApp;
			};
			name = Test;
		};
/* End XCBuildConfiguration section */

/* Begin XCConfigurationList section */
		2F6D138D28F5F384007C25D6 /* Build configuration list for PBXProject "UITests" */ = {
			isa = XCConfigurationList;
			buildConfigurations = (
				2F6D13B428F5F386007C25D6 /* Debug */,
				2FB07587299DDB6000C0B37F /* Test */,
				2F6D13B528F5F386007C25D6 /* Release */,
			);
			defaultConfigurationIsVisible = 0;
			defaultConfigurationName = Release;
		};
		2F6D13B628F5F386007C25D6 /* Build configuration list for PBXNativeTarget "TestApp" */ = {
			isa = XCConfigurationList;
			buildConfigurations = (
				2F6D13B728F5F386007C25D6 /* Debug */,
				2FB07588299DDB6000C0B37F /* Test */,
				2F6D13B828F5F386007C25D6 /* Release */,
			);
			defaultConfigurationIsVisible = 0;
			defaultConfigurationName = Release;
		};
		2F6D13BC28F5F386007C25D6 /* Build configuration list for PBXNativeTarget "TestAppUITests" */ = {
			isa = XCConfigurationList;
			buildConfigurations = (
				2F6D13BD28F5F386007C25D6 /* Debug */,
				2FB07589299DDB6000C0B37F /* Test */,
				2F6D13BE28F5F386007C25D6 /* Release */,
			);
			defaultConfigurationIsVisible = 0;
			defaultConfigurationName = Release;
		};
/* End XCConfigurationList section */

/* Begin XCRemoteSwiftPackageReference section */
		2F027C9929D6C91D00234098 /* XCRemoteSwiftPackageReference "XCTestExtensions" */ = {
			isa = XCRemoteSwiftPackageReference;
			repositoryURL = "https://github.com/StanfordSpezi/XCTestExtensions";
			requirement = {
				kind = upToNextMinorVersion;
				minimumVersion = 0.4.3;
			};
		};
/* End XCRemoteSwiftPackageReference section */

/* Begin XCSwiftPackageProductDependency section */
		2F027C9A29D6C91E00234098 /* XCTestExtensions */ = {
			isa = XCSwiftPackageProductDependency;
			package = 2F027C9929D6C91D00234098 /* XCRemoteSwiftPackageReference "XCTestExtensions" */;
			productName = XCTestExtensions;
		};
		2FAD38BF2A455FC200E79ED1 /* SpeziAccount */ = {
			isa = XCSwiftPackageProductDependency;
			productName = SpeziAccount;
		};
/* End XCSwiftPackageProductDependency section */
	};
	rootObject = 2F6D138A28F5F384007C25D6 /* Project object */;
}
